
Microsoft Visual Studio Solution File, Format Version 12.00
# Visual Studio Version 16
VisualStudioVersion = 16.0.30011.22
MinimumVisualStudioVersion = 10.0.40219.1
Project("{9A19103F-16F7-4668-BE54-9A1E7A4F7556}") = "SAEA.WebRedisManager", "SAEA.WebRedisManager\SAEA.WebRedisManager.csproj", "{BCE122A2-20C5-4CE9-8353-63369347407A}"
EndProject
Global
	GlobalSection(SolutionConfigurationPlatforms) = preSolution
		Debug|Any CPU = Debug|Any CPU
		Release|Any CPU = Release|Any CPU
	EndGlobalSection
	GlobalSection(ProjectConfigurationPlatforms) = postSolution
		{BCE122A2-20C5-4CE9-8353-63369347407A}.Debug|Any CPU.ActiveCfg = Debug|Any CPU
		{BCE122A2-20C5-4CE9-8353-63369347407A}.Debug|Any CPU.Build.0 = Debug|Any CPU
		{BCE122A2-20C5-4CE9-8353-63369347407A}.Release|Any CPU.ActiveCfg = Release|Any CPU
		{BCE122A2-20C5-4CE9-8353-63369347407A}.Release|Any CPU.Build.0 = Release|Any CPU
	EndGlobalSection
	GlobalSection(SolutionProperties) = preSolution
		HideSolutionNode = FALSE
	EndGlobalSection
	GlobalSection(ExtensibilityGlobals) = postSolution
		SolutionGuid = {D5A4CFFA-A42F-4B9A-866B-C4391A645B5B}
	EndGlobalSection
EndGlobal
